
Microsoft Visual Studio Solution File, Format Version 12.00
# Visual Studio Version 17
VisualStudioVersion = 17.11.35219.272
MinimumVisualStudioVersion = 10.0.40219.1
Project("{FAE04EC0-301F-11D3-BF4B-00C04F79EFBC}") = "IVANOVA 26", "IVANOVA 26.csproj", "{000FEE85-3951-4936-B494-7930E1FF91E3}"
EndProject
Global
	GlobalSection(SolutionConfigurationPlatforms) = preSolution
		Debug|Any CPU = Debug|Any CPU
		Release|Any CPU = Release|Any CPU
	EndGlobalSection
	GlobalSection(ProjectConfigurationPlatforms) = postSolution
		{000FEE85-3951-4936-B494-7930E1FF91E3}.Debug|Any CPU.ActiveCfg = Debug|Any CPU
		{000FEE85-3951-4936-B494-7930E1FF91E3}.Debug|Any CPU.Build.0 = Debug|Any CPU
		{000FEE85-3951-4936-B494-7930E1FF91E3}.Release|Any CPU.ActiveCfg = Release|Any CPU
		{000FEE85-3951-4936-B494-7930E1FF91E3}.Release|Any CPU.Build.0 = Release|Any CPU
	EndGlobalSection
	GlobalSection(SolutionProperties) = preSolution
		HideSolutionNode = FALSE
	EndGlobalSection
	GlobalSection(ExtensibilityGlobals) = postSolution
		SolutionGuid = {671F6D2E-70BA-4684-89A7-C6BBBA56094B}
	EndGlobalSection
EndGlobal
